// !$*UTF8*$!
{
	archiveVersion = 1;
	classes = {
	};
	objectVersion = 46;
	objects = {

/* Begin PBXBuildFile section */
		C0F4133D146582EB00CF2567 /* UIKit.framework in Frameworks */ = {isa = PBXBuildFile; fileRef = C0F4133C146582EB00CF2567 /* UIKit.framework */; };
		C0F4133F146582EB00CF2567 /* Foundation.framework in Frameworks */ = {isa = PBXBuildFile; fileRef = C0F4133E146582EB00CF2567 /* Foundation.framework */; };
		C0F41341146582EB00CF2567 /* CoreGraphics.framework in Frameworks */ = {isa = PBXBuildFile; fileRef = C0F41340146582EB00CF2567 /* CoreGraphics.framework */; };
		C0F41347146582EB00CF2567 /* InfoPlist.strings in Resources */ = {isa = PBXBuildFile; fileRef = C0F41345146582EB00CF2567 /* InfoPlist.strings */; };
		C0F41349146582EB00CF2567 /* main.m in Sources */ = {isa = PBXBuildFile; fileRef = C0F41348146582EB00CF2567 /* main.m */; };
		C0F4134D146582EB00CF2567 /* AppDelegate.m in Sources */ = {isa = PBXBuildFile; fileRef = C0F4134C146582EB00CF2567 /* AppDelegate.m */; };
		C0F41350146582EB00CF2567 /* ViewController.m in Sources */ = {isa = PBXBuildFile; fileRef = C0F4134F146582EB00CF2567 /* ViewController.m */; };
		C0F41353146582EB00CF2567 /* ViewController.xib in Resources */ = {isa = PBXBuildFile; fileRef = C0F41351146582EB00CF2567 /* ViewController.xib */; };
		C0F4135B1465838F00CF2567 /* JSONObject.m in Sources */ = {isa = PBXBuildFile; fileRef = C0F4135A1465838F00CF2567 /* JSONObject.m */; };
/* End PBXBuildFile section */

/* Begin PBXFileReference section */
		C0F41338146582EB00CF2567 /* JSONObjectDemo.app */ = {isa = PBXFileReference; explicitFileType = wrapper.application; includeInIndex = 0; path = JSONObjectDemo.app; sourceTree = BUILT_PRODUCTS_DIR; };
		C0F4133C146582EB00CF2567 /* UIKit.framework */ = {isa = PBXFileReference; lastKnownFileType = wrapper.framework; name = UIKit.framework; path = System/Library/Frameworks/UIKit.framework; sourceTree = SDKROOT; };
		C0F4133E146582EB00CF2567 /* Foundation.framework */ = {isa = PBXFileReference; lastKnownFileType = wrapper.framework; name = Foundation.framework; path = System/Library/Frameworks/Foundation.framework; sourceTree = SDKROOT; };
		C0F41340146582EB00CF2567 /* CoreGraphics.framework */ = {isa = PBXFileReference; lastKnownFileType = wrapper.framework; name = CoreGraphics.framework; path = System/Library/Frameworks/CoreGraphics.framework; sourceTree = SDKROOT; };
		C0F41344146582EB00CF2567 /* JSONObjectDemo-Info.plist */ = {isa = PBXFileReference; lastKnownFileType = text.plist.xml; path = "JSONObjectDemo-Info.plist"; sourceTree = "<group>"; };
		C0F41346146582EB00CF2567 /* en */ = {isa = PBXFileReference; lastKnownFileType = text.plist.strings; name = en; path = en.lproj/InfoPlist.strings; sourceTree = "<group>"; };
		C0F41348146582EB00CF2567 /* main.m */ = {isa = PBXFileReference; lastKnownFileType = sourcecode.c.objc; path = main.m; sourceTree = "<group>"; };
		C0F4134A146582EB00CF2567 /* JSONObjectDemo-Prefix.pch */ = {isa = PBXFileReference; lastKnownFileType = sourcecode.c.h; path = "JSONObjectDemo-Prefix.pch"; sourceTree = "<group>"; };
		C0F4134B146582EB00CF2567 /* AppDelegate.h */ = {isa = PBXFileReference; lastKnownFileType = sourcecode.c.h; path = AppDelegate.h; sourceTree = "<group>"; };
		C0F4134C146582EB00CF2567 /* AppDelegate.m */ = {isa = PBXFileReference; lastKnownFileType = sourcecode.c.objc; path = AppDelegate.m; sourceTree = "<group>"; };
		C0F4134E146582EB00CF2567 /* ViewController.h */ = {isa = PBXFileReference; lastKnownFileType = sourcecode.c.h; path = ViewController.h; sourceTree = "<group>"; };
		C0F4134F146582EB00CF2567 /* ViewController.m */ = {isa = PBXFileReference; lastKnownFileType = sourcecode.c.objc; path = ViewController.m; sourceTree = "<group>"; };
		C0F41352146582EB00CF2567 /* en */ = {isa = PBXFileReference; lastKnownFileType = file.xib; name = en; path = en.lproj/ViewController.xib; sourceTree = "<group>"; };
		C0F413591465838F00CF2567 /* JSONObject.h */ = {isa = PBXFileReference; fileEncoding = 4; lastKnownFileType = sourcecode.c.h; name = JSONObject.h; path = ../../JSONObject.h; sourceTree = "<group>"; };
		C0F4135A1465838F00CF2567 /* JSONObject.m */ = {isa = PBXFileReference; fileEncoding = 4; lastKnownFileType = sourcecode.c.objc; name = JSONObject.m; path = ../../JSONObject.m; sourceTree = "<group>"; };
/* End PBXFileReference section */

/* Begin PBXFrameworksBuildPhase section */
		C0F41335146582EB00CF2567 /* Frameworks */ = {
			isa = PBXFrameworksBuildPhase;
			buildActionMask = 2147483647;
			files = (
				C0F4133D146582EB00CF2567 /* UIKit.framework in Frameworks */,
				C0F4133F146582EB00CF2567 /* Foundation.framework in Frameworks */,
				C0F41341146582EB00CF2567 /* CoreGraphics.framework in Frameworks */,
			);
			runOnlyForDeploymentPostprocessing = 0;
		};
/* End PBXFrameworksBuildPhase section */

/* Begin PBXGroup section */
		C0F4132D146582EB00CF2567 = {
			isa = PBXGroup;
			children = (
				C0F41342146582EB00CF2567 /* JSONObjectDemo */,
				C0F4133B146582EB00CF2567 /* Frameworks */,
				C0F41339146582EB00CF2567 /* Products */,
			);
			sourceTree = "<group>";
		};
		C0F41339146582EB00CF2567 /* Products */ = {
			isa = PBXGroup;
			children = (
				C0F41338146582EB00CF2567 /* JSONObjectDemo.app */,
			);
			name = Products;
			sourceTree = "<group>";
		};
		C0F4133B146582EB00CF2567 /* Frameworks */ = {
			isa = PBXGroup;
			children = (
				C0F4133C146582EB00CF2567 /* UIKit.framework */,
				C0F4133E146582EB00CF2567 /* Foundation.framework */,
				C0F41340146582EB00CF2567 /* CoreGraphics.framework */,
			);
			name = Frameworks;
			sourceTree = "<group>";
		};
		C0F41342146582EB00CF2567 /* JSONObjectDemo */ = {
			isa = PBXGroup;
			children = (
				C0F413591465838F00CF2567 /* JSONObject.h */,
				C0F4135A1465838F00CF2567 /* JSONObject.m */,
				C0F41343146582EB00CF2567 /* Supporting Files */,
			);
			path = JSONObjectDemo;
			sourceTree = "<group>";
		};
		C0F41343146582EB00CF2567 /* Supporting Files */ = {
			isa = PBXGroup;
			children = (
				C0F4134B146582EB00CF2567 /* AppDelegate.h */,
				C0F4134C146582EB00CF2567 /* AppDelegate.m */,
				C0F4134E146582EB00CF2567 /* ViewController.h */,
				C0F4134F146582EB00CF2567 /* ViewController.m */,
				C0F41351146582EB00CF2567 /* ViewController.xib */,
				C0F41344146582EB00CF2567 /* JSONObjectDemo-Info.plist */,
				C0F41345146582EB00CF2567 /* InfoPlist.strings */,
				C0F41348146582EB00CF2567 /* main.m */,
				C0F4134A146582EB00CF2567 /* JSONObjectDemo-Prefix.pch */,
			);
			name = "Supporting Files";
			sourceTree = "<group>";
		};
/* End PBXGroup section */

/* Begin PBXNativeTarget section */
		C0F41337146582EB00CF2567 /* JSONObjectDemo */ = {
			isa = PBXNativeTarget;
			buildConfigurationList = C0F41356146582EB00CF2567 /* Build configuration list for PBXNativeTarget "JSONObjectDemo" */;
			buildPhases = (
				C0F41334146582EB00CF2567 /* Sources */,
				C0F41335146582EB00CF2567 /* Frameworks */,
				C0F41336146582EB00CF2567 /* Resources */,
			);
			buildRules = (
			);
			dependencies = (
			);
			name = JSONObjectDemo;
			productName = JSONObjectDemo;
			productReference = C0F41338146582EB00CF2567 /* JSONObjectDemo.app */;
			productType = "com.apple.product-type.application";
		};
/* End PBXNativeTarget section */

/* Begin PBXProject section */
		C0F4132F146582EB00CF2567 /* Project object */ = {
			isa = PBXProject;
			attributes = {
				LastUpgradeCheck = 0420;
			};
			buildConfigurationList = C0F41332146582EB00CF2567 /* Build configuration list for PBXProject "JSONObjectDemo" */;
			compatibilityVersion = "Xcode 3.2";
			developmentRegion = English;
			hasScannedForEncodings = 0;
			knownRegions = (
				en,
			);
			mainGroup = C0F4132D146582EB00CF2567;
			productRefGroup = C0F41339146582EB00CF2567 /* Products */;
			projectDirPath = "";
			projectRoot = "";
			targets = (
				C0F41337146582EB00CF2567 /* JSONObjectDemo */,
			);
		};
/* End PBXProject section */

/* Begin PBXResourcesBuildPhase section */
		C0F41336146582EB00CF2567 /* Resources */ = {
			isa = PBXResourcesBuildPhase;
			buildActionMask = 2147483647;
			files = (
				C0F41347146582EB00CF2567 /* InfoPlist.strings in Resources */,
				C0F41353146582EB00CF2567 /* ViewController.xib in Resources */,
			);
			runOnlyForDeploymentPostprocessing = 0;
		};
/* End PBXResourcesBuildPhase section */

/* Begin PBXSourcesBuildPhase section */
		C0F41334146582EB00CF2567 /* Sources */ = {
			isa = PBXSourcesBuildPhase;
			buildActionMask = 2147483647;
			files = (
				C0F41349146582EB00CF2567 /* main.m in Sources */,
				C0F4134D146582EB00CF2567 /* AppDelegate.m in Sources */,
				C0F41350146582EB00CF2567 /* ViewController.m in Sources */,
				C0F4135B1465838F00CF2567 /* JSONObject.m in Sources */,
			);
			runOnlyForDeploymentPostprocessing = 0;
		};
/* End PBXSourcesBuildPhase section */

/* Begin PBXVariantGroup section */
		C0F41345146582EB00CF2567 /* InfoPlist.strings */ = {
			isa = PBXVariantGroup;
			children = (
				C0F41346146582EB00CF2567 /* en */,
			);
			name = InfoPlist.strings;
			sourceTree = "<group>";
		};
		C0F41351146582EB00CF2567 /* ViewController.xib */ = {
			isa = PBXVariantGroup;
			children = (
				C0F41352146582EB00CF2567 /* en */,
			);
			name = ViewController.xib;
			sourceTree = "<group>";
		};
/* End PBXVariantGroup section */

/* Begin XCBuildConfiguration section */
		C0F41354146582EB00CF2567 /* Debug */ = {
			isa = XCBuildConfiguration;
			buildSettings = {
				ALWAYS_SEARCH_USER_PATHS = NO;
				ARCHS = "$(ARCHS_STANDARD_32_BIT)";
				CLANG_ENABLE_OBJC_ARC = YES;
				"CODE_SIGN_IDENTITY[sdk=iphoneos*]" = "iPhone Developer";
				COPY_PHASE_STRIP = NO;
				GCC_C_LANGUAGE_STANDARD = gnu99;
				GCC_DYNAMIC_NO_PIC = NO;
				GCC_OPTIMIZATION_LEVEL = 0;
				GCC_PREPROCESSOR_DEFINITIONS = (
					"DEBUG=1",
					"$(inherited)",
				);
				GCC_SYMBOLS_PRIVATE_EXTERN = NO;
				GCC_VERSION = com.apple.compilers.llvm.clang.1_0;
				GCC_WARN_ABOUT_MISSING_PROTOTYPES = YES;
				GCC_WARN_ABOUT_RETURN_TYPE = YES;
				GCC_WARN_UNUSED_VARIABLE = YES;
				IPHONEOS_DEPLOYMENT_TARGET = 5.0;
				SDKROOT = iphoneos;
			};
			name = Debug;
		};
		C0F41355146582EB00CF2567 /* Release */ = {
			isa = XCBuildConfiguration;
			buildSettings = {
				ALWAYS_SEARCH_USER_PATHS = NO;
				ARCHS = "$(ARCHS_STANDARD_32_BIT)";
				CLANG_ENABLE_OBJC_ARC = YES;
				"CODE_SIGN_IDENTITY[sdk=iphoneos*]" = "iPhone Developer";
				COPY_PHASE_STRIP = YES;
				GCC_C_LANGUAGE_STANDARD = gnu99;
				GCC_VERSION = com.apple.compilers.llvm.clang.1_0;
				GCC_WARN_ABOUT_MISSING_PROTOTYPES = YES;
				GCC_WARN_ABOUT_RETURN_TYPE = YES;
				GCC_WARN_UNUSED_VARIABLE = YES;
				IPHONEOS_DEPLOYMENT_TARGET = 5.0;
				OTHER_CFLAGS = "-DNS_BLOCK_ASSERTIONS=1";
				SDKROOT = iphoneos;
				VALIDATE_PRODUCT = YES;
			};
			name = Release;
		};
		C0F41357146582EB00CF2567 /* Debug */ = {
			isa = XCBuildConfiguration;
			buildSettings = {
				GCC_PRECOMPILE_PREFIX_HEADER = YES;
				GCC_PREFIX_HEADER = "JSONObjectDemo/JSONObjectDemo-Prefix.pch";
				INFOPLIST_FILE = "JSONObjectDemo/JSONObjectDemo-Info.plist";
				PRODUCT_NAME = "$(TARGET_NAME)";
				WRAPPER_EXTENSION = app;
			};
			name = Debug;
		};
		C0F41358146582EB00CF2567 /* Release */ = {
			isa = XCBuildConfiguration;
			buildSettings = {
				GCC_PRECOMPILE_PREFIX_HEADER = YES;
				GCC_PREFIX_HEADER = "JSONObjectDemo/JSONObjectDemo-Prefix.pch";
				INFOPLIST_FILE = "JSONObjectDemo/JSONObjectDemo-Info.plist";
				PRODUCT_NAME = "$(TARGET_NAME)";
				WRAPPER_EXTENSION = app;
			};
			name = Release;
		};
/* End XCBuildConfiguration section */

/* Begin XCConfigurationList section */
		C0F41332146582EB00CF2567 /* Build configuration list for PBXProject "JSONObjectDemo" */ = {
			isa = XCConfigurationList;
			buildConfigurations = (
				C0F41354146582EB00CF2567 /* Debug */,
				C0F41355146582EB00CF2567 /* Release */,
			);
			defaultConfigurationIsVisible = 0;
			defaultConfigurationName = Release;
		};
		C0F41356146582EB00CF2567 /* Build configuration list for PBXNativeTarget "JSONObjectDemo" */ = {
			isa = XCConfigurationList;
			buildConfigurations = (
				C0F41357146582EB00CF2567 /* Debug */,
				C0F41358146582EB00CF2567 /* Release */,
			);
			defaultConfigurationIsVisible = 0;
			defaultConfigurationName = Release;
		};
/* End XCConfigurationList section */
	};
	rootObject = C0F4132F146582EB00CF2567 /* Project object */;
}
